
Microsoft Visual Studio Solution File, Format Version 12.00
# Visual Studio 15
VisualStudioVersion = 15.0.27130.2010
MinimumVisualStudioVersion = 10.0.40219.1
Project("{FAE04EC0-301F-11D3-BF4B-00C04F79EFBC}") = "PingGoogleDNS", "PingGoogleDNS\PingGoogleDNS.csproj", "{16531EDC-3D89-4514-8BA9-CBBC2F0A7C72}"
EndProject
Global
	GlobalSection(SolutionConfigurationPlatforms) = preSolution
		Debug|Any CPU = Debug|Any CPU
		Release|Any CPU = Release|Any CPU
	EndGlobalSection
	GlobalSection(ProjectConfigurationPlatforms) = postSolution
		{16531EDC-3D89-4514-8BA9-CBBC2F0A7C72}.Debug|Any CPU.ActiveCfg = Debug|Any CPU
		{16531EDC-3D89-4514-8BA9-CBBC2F0A7C72}.Debug|Any CPU.Build.0 = Debug|Any CPU
		{16531EDC-3D89-4514-8BA9-CBBC2F0A7C72}.Release|Any CPU.ActiveCfg = Release|Any CPU
		{16531EDC-3D89-4514-8BA9-CBBC2F0A7C72}.Release|Any CPU.Build.0 = Release|Any CPU
	EndGlobalSection
	GlobalSection(SolutionProperties) = preSolution
		HideSolutionNode = FALSE
	EndGlobalSection
	GlobalSection(ExtensibilityGlobals) = postSolution
		SolutionGuid = {48F7CF1A-BA96-4DCD-91D9-25018BA0C125}
	EndGlobalSection
EndGlobal
